
Microsoft Visual Studio Solution File, Format Version 12.00
# Visual Studio Version 16
VisualStudioVersion = 16.0.30114.105
MinimumVisualStudioVersion = 10.0.40219.1
Project("{FAE04EC0-301F-11D3-BF4B-00C04F79EFBC}") = "Token Grabber", "Token Grabber\Token Grabber.csproj", "{8DFFD07D-5E20-4C89-B1BE-1CD7F6C952FA}"
EndProject
Global
	GlobalSection(SolutionConfigurationPlatforms) = preSolution
		Debug|Any CPU = Debug|Any CPU
		Release|Any CPU = Release|Any CPU
	EndGlobalSection
	GlobalSection(ProjectConfigurationPlatforms) = postSolution
		{8DFFD07D-5E20-4C89-B1BE-1CD7F6C952FA}.Debug|Any CPU.ActiveCfg = Debug|Any CPU
		{8DFFD07D-5E20-4C89-B1BE-1CD7F6C952FA}.Debug|Any CPU.Build.0 = Debug|Any CPU
		{8DFFD07D-5E20-4C89-B1BE-1CD7F6C952FA}.Release|Any CPU.ActiveCfg = Release|Any CPU
		{8DFFD07D-5E20-4C89-B1BE-1CD7F6C952FA}.Release|Any CPU.Build.0 = Release|Any CPU
	EndGlobalSection
	GlobalSection(SolutionProperties) = preSolution
		HideSolutionNode = FALSE
	EndGlobalSection
	GlobalSection(ExtensibilityGlobals) = postSolution
		SolutionGuid = {38E5FC96-CA2A-4F25-9A15-646828038EE6}
	EndGlobalSection
EndGlobal
